{
  "name": "2018-devsummit-plenary",
  "version": "1.0.0",
  "lockfileVersion": 1,
  "requires": true,
  "dependencies": {
    "@dojo/core": {
      "version": "0.3.1",
      "resolved": "https://registry.npmjs.org/@dojo/core/-/core-0.3.1.tgz",
      "integrity": "sha512-PEwqxpsuTTG0b2wwy0TLHEFf/R6ZBE4zizo4EXzGUVRc5O44w5Hbn+NN48v/o8hwQRKxmX3ywLI0Z1CMZ6NM6w==",
      "requires": {
        "tslib": "1.8.1"
      }
    },
    "@dojo/has": {
      "version": "0.1.2",
      "resolved": "https://registry.npmjs.org/@dojo/has/-/has-0.1.2.tgz",
      "integrity": "sha512-122xXU9xHjG/EayITIAiIdKVphZTZ2wM9IEBArarkBQzXZP1shGAbTJq7NHWUoTemw48tvTxr+OOi7wVCm7IXg=="
    },
    "@dojo/shim": {
      "version": "0.2.5",
      "resolved": "https://registry.npmjs.org/@dojo/shim/-/shim-0.2.5.tgz",
      "integrity": "sha512-RhUPwaMmxWRTTKA3rO5gwRwRvoyVZNRsZMsQof852AwZq2bReUOYy4K9Ed6wF5SKQrJngVxNxiaGFddaZLLwSg==",
      "requires": {
        "intersection-observer": "0.4.3",
        "pepjs": "0.4.3",
        "tslib": "1.8.1"
      }
    },
    "intersection-observer": {
      "version": "0.4.3",
      "resolved": "https://registry.npmjs.org/intersection-observer/-/intersection-observer-0.4.3.tgz",
      "integrity": "sha512-sRobbVo/+DVGkbco/UkuREmXSr5ypWeQ7S7tYDhzIIP3NFtAHLkkFYdivFAIgNe4sfDYBFAjxEgUyxiEmA/dgQ=="
    },
    "pepjs": {
      "version": "0.4.3",
      "resolved": "https://registry.npmjs.org/pepjs/-/pepjs-0.4.3.tgz",
      "integrity": "sha1-FggOlwqud5kTdWwtrviOqnSG30E="
    },
    "tslib": {
      "version": "1.8.1",
      "resolved": "https://registry.npmjs.org/tslib/-/tslib-1.8.1.tgz",
      "integrity": "sha1-aUavLR1lGnsYY7Ux1uWvpBqkTqw="
    },
    "typescript": {
      "version": "2.7.2",
      "resolved": "https://registry.npmjs.org/typescript/-/typescript-2.7.2.tgz",
      "integrity": "sha512-p5TCYZDAO0m4G344hD+wx/LATebLWZNkkh2asWUFqSsD2OrDNhbAHuSjobrmsUmdzjJjEeZVU9g1h3O6vpstnw==",
      "dev": true
    }
  }
}
